
Microsoft Visual Studio Solution File, Format Version 11.00
# Visual Studio 2010
Project("{FAE04EC0-301F-11D3-BF4B-00C04F79EFBC}") = "ZK.DBUtility", "ZK.DBUtility\ZK.DBUtility.csproj", "{0988C62E-247F-471F-A183-DB509C7A3839}"
EndProject
Project("{FAE04EC0-301F-11D3-BF4B-00C04F79EFBC}") = "ZK.Common", "ZK.Common\ZK.Common.csproj", "{E3D8759A-C5EB-402D-9F10-F5C6029A8D1A}"
EndProject
Project("{FAE04EC0-301F-11D3-BF4B-00C04F79EFBC}") = "ZK.IDAL", "ZK.IDAL\ZK.IDAL.csproj", "{AA6FBAE5-8392-48F4-AE85-879C905FAE5A}"
EndProject
Project("{FAE04EC0-301F-11D3-BF4B-00C04F79EFBC}") = "ZK.BLL", "ZK.BLL\ZK.BLL.csproj", "{6AF293FF-C642-4FC8-B101-CE15AB0A5B5D}"
EndProject
Project("{FAE04EC0-301F-11D3-BF4B-00C04F79EFBC}") = "ZK.Model", "ZK.Model\ZK.Model.csproj", "{EF2909E8-3750-4324-B768-CC8A72151262}"
EndProject
Project("{FAE04EC0-301F-11D3-BF4B-00C04F79EFBC}") = "ZK.Dal", "ZK.Dal\ZK.Dal.csproj", "{B57DD613-F326-46F6-8642-8334A6AD4663}"
EndProject
Project("{FAE04EC0-301F-11D3-BF4B-00C04F79EFBC}") = "ZK.Controllers", "ZK.Controllers\ZK.Controllers.csproj", "{C0505838-0426-4C4E-97CA-4093A4A5BEA8}"
EndProject
Project("{FAE04EC0-301F-11D3-BF4B-00C04F79EFBC}") = "ZK.MVCWeb", "ZK.MVCWeb\ZK.MVCWeb.csproj", "{0E531003-2C3E-404E-89E9-D102B277DCD6}"
EndProject
Project("{FAE04EC0-301F-11D3-BF4B-00C04F79EFBC}") = "ZK.DALFactory", "ZK.DALFactory\ZK.DALFactory.csproj", "{CF366804-26AD-433B-9445-6F9D0ECF62D2}"
EndProject
Project("{FAE04EC0-301F-11D3-BF4B-00C04F79EFBC}") = "ZK.Manage", "ZK.Manage\ZK.Manage.csproj", "{39959A57-78B6-4EC5-BE00-9184B8F4F537}"
EndProject
Project("{FAE04EC0-301F-11D3-BF4B-00C04F79EFBC}") = "ZK.WebService", "ZK.WebService\ZK.WebService.csproj", "{41DF2D0A-5E80-431A-8CC0-2EFAF3F45FB0}"
EndProject
Project("{FAE04EC0-301F-11D3-BF4B-00C04F79EFBC}") = "ZK.MControllers", "ZK.MControllers\ZK.MControllers.csproj", "{BF969885-3BA8-4C0D-ACD4-2B29A5F09181}"
EndProject
Project("{FAE04EC0-301F-11D3-BF4B-00C04F79EFBC}") = "ZK.MobileWeb", "ZK.MobileWeb\ZK.MobileWeb.csproj", "{6D76AA93-56B5-4028-AD74-E7330E985663}"
EndProject
Project("{FAE04EC0-301F-11D3-BF4B-00C04F79EFBC}") = "RESTfulServices", "RESTfulServices\RESTfulServices.csproj", "{D54D7A33-3433-4340-AC44-BA09BBEA31BF}"
EndProject
Global
	GlobalSection(SolutionConfigurationPlatforms) = preSolution
		Debug|Any CPU = Debug|Any CPU
		Release|Any CPU = Release|Any CPU
	EndGlobalSection
	GlobalSection(ProjectConfigurationPlatforms) = postSolution
		{0988C62E-247F-471F-A183-DB509C7A3839}.Debug|Any CPU.ActiveCfg = Debug|Any CPU
		{0988C62E-247F-471F-A183-DB509C7A3839}.Debug|Any CPU.Build.0 = Debug|Any CPU
		{0988C62E-247F-471F-A183-DB509C7A3839}.Release|Any CPU.ActiveCfg = Release|Any CPU
		{0988C62E-247F-471F-A183-DB509C7A3839}.Release|Any CPU.Build.0 = Release|Any CPU
		{E3D8759A-C5EB-402D-9F10-F5C6029A8D1A}.Debug|Any CPU.ActiveCfg = Debug|Any CPU
		{E3D8759A-C5EB-402D-9F10-F5C6029A8D1A}.Debug|Any CPU.Build.0 = Debug|Any CPU
		{E3D8759A-C5EB-402D-9F10-F5C6029A8D1A}.Release|Any CPU.ActiveCfg = Release|Any CPU
		{E3D8759A-C5EB-402D-9F10-F5C6029A8D1A}.Release|Any CPU.Build.0 = Release|Any CPU
		{AA6FBAE5-8392-48F4-AE85-879C905FAE5A}.Debug|Any CPU.ActiveCfg = Debug|Any CPU
		{AA6FBAE5-8392-48F4-AE85-879C905FAE5A}.Debug|Any CPU.Build.0 = Debug|Any CPU
		{AA6FBAE5-8392-48F4-AE85-879C905FAE5A}.Release|Any CPU.ActiveCfg = Release|Any CPU
		{AA6FBAE5-8392-48F4-AE85-879C905FAE5A}.Release|Any CPU.Build.0 = Release|Any CPU
		{6AF293FF-C642-4FC8-B101-CE15AB0A5B5D}.Debug|Any CPU.ActiveCfg = Debug|Any CPU
		{6AF293FF-C642-4FC8-B101-CE15AB0A5B5D}.Debug|Any CPU.Build.0 = Debug|Any CPU
		{6AF293FF-C642-4FC8-B101-CE15AB0A5B5D}.Release|Any CPU.ActiveCfg = Release|Any CPU
		{6AF293FF-C642-4FC8-B101-CE15AB0A5B5D}.Release|Any CPU.Build.0 = Release|Any CPU
		{EF2909E8-3750-4324-B768-CC8A72151262}.Debug|Any CPU.ActiveCfg = Debug|Any CPU
		{EF2909E8-3750-4324-B768-CC8A72151262}.Debug|Any CPU.Build.0 = Debug|Any CPU
		{EF2909E8-3750-4324-B768-CC8A72151262}.Release|Any CPU.ActiveCfg = Release|Any CPU
		{EF2909E8-3750-4324-B768-CC8A72151262}.Release|Any CPU.Build.0 = Release|Any CPU
		{B57DD613-F326-46F6-8642-8334A6AD4663}.Debug|Any CPU.ActiveCfg = Debug|Any CPU
		{B57DD613-F326-46F6-8642-8334A6AD4663}.Debug|Any CPU.Build.0 = Debug|Any CPU
		{B57DD613-F326-46F6-8642-8334A6AD4663}.Release|Any CPU.ActiveCfg = Release|Any CPU
		{B57DD613-F326-46F6-8642-8334A6AD4663}.Release|Any CPU.Build.0 = Release|Any CPU
		{C0505838-0426-4C4E-97CA-4093A4A5BEA8}.Debug|Any CPU.ActiveCfg = Debug|Any CPU
		{C0505838-0426-4C4E-97CA-4093A4A5BEA8}.Debug|Any CPU.Build.0 = Debug|Any CPU
		{C0505838-0426-4C4E-97CA-4093A4A5BEA8}.Release|Any CPU.ActiveCfg = Release|Any CPU
		{C0505838-0426-4C4E-97CA-4093A4A5BEA8}.Release|Any CPU.Build.0 = Release|Any CPU
		{0E531003-2C3E-404E-89E9-D102B277DCD6}.Debug|Any CPU.ActiveCfg = Debug|Any CPU
		{0E531003-2C3E-404E-89E9-D102B277DCD6}.Debug|Any CPU.Build.0 = Debug|Any CPU
		{0E531003-2C3E-404E-89E9-D102B277DCD6}.Release|Any CPU.ActiveCfg = Release|Any CPU
		{0E531003-2C3E-404E-89E9-D102B277DCD6}.Release|Any CPU.Build.0 = Release|Any CPU
		{CF366804-26AD-433B-9445-6F9D0ECF62D2}.Debug|Any CPU.ActiveCfg = Debug|Any CPU
		{CF366804-26AD-433B-9445-6F9D0ECF62D2}.Debug|Any CPU.Build.0 = Debug|Any CPU
		{CF366804-26AD-433B-9445-6F9D0ECF62D2}.Release|Any CPU.ActiveCfg = Release|Any CPU
		{CF366804-26AD-433B-9445-6F9D0ECF62D2}.Release|Any CPU.Build.0 = Release|Any CPU
		{39959A57-78B6-4EC5-BE00-9184B8F4F537}.Debug|Any CPU.ActiveCfg = Debug|Any CPU
		{39959A57-78B6-4EC5-BE00-9184B8F4F537}.Debug|Any CPU.Build.0 = Debug|Any CPU
		{39959A57-78B6-4EC5-BE00-9184B8F4F537}.Release|Any CPU.ActiveCfg = Release|Any CPU
		{39959A57-78B6-4EC5-BE00-9184B8F4F537}.Release|Any CPU.Build.0 = Release|Any CPU
		{41DF2D0A-5E80-431A-8CC0-2EFAF3F45FB0}.Debug|Any CPU.ActiveCfg = Debug|Any CPU
		{41DF2D0A-5E80-431A-8CC0-2EFAF3F45FB0}.Debug|Any CPU.Build.0 = Debug|Any CPU
		{41DF2D0A-5E80-431A-8CC0-2EFAF3F45FB0}.Release|Any CPU.ActiveCfg = Release|Any CPU
		{41DF2D0A-5E80-431A-8CC0-2EFAF3F45FB0}.Release|Any CPU.Build.0 = Release|Any CPU
		{BF969885-3BA8-4C0D-ACD4-2B29A5F09181}.Debug|Any CPU.ActiveCfg = Debug|Any CPU
		{BF969885-3BA8-4C0D-ACD4-2B29A5F09181}.Debug|Any CPU.Build.0 = Debug|Any CPU
		{BF969885-3BA8-4C0D-ACD4-2B29A5F09181}.Release|Any CPU.ActiveCfg = Release|Any CPU
		{BF969885-3BA8-4C0D-ACD4-2B29A5F09181}.Release|Any CPU.Build.0 = Release|Any CPU
		{6D76AA93-56B5-4028-AD74-E7330E985663}.Debug|Any CPU.ActiveCfg = Debug|Any CPU
		{6D76AA93-56B5-4028-AD74-E7330E985663}.Debug|Any CPU.Build.0 = Debug|Any CPU
		{6D76AA93-56B5-4028-AD74-E7330E985663}.Release|Any CPU.ActiveCfg = Release|Any CPU
		{6D76AA93-56B5-4028-AD74-E7330E985663}.Release|Any CPU.Build.0 = Release|Any CPU
		{D54D7A33-3433-4340-AC44-BA09BBEA31BF}.Debug|Any CPU.ActiveCfg = Debug|Any CPU
		{D54D7A33-3433-4340-AC44-BA09BBEA31BF}.Debug|Any CPU.Build.0 = Debug|Any CPU
		{D54D7A33-3433-4340-AC44-BA09BBEA31BF}.Release|Any CPU.ActiveCfg = Release|Any CPU
		{D54D7A33-3433-4340-AC44-BA09BBEA31BF}.Release|Any CPU.Build.0 = Release|Any CPU
	EndGlobalSection
	GlobalSection(SolutionProperties) = preSolution
		HideSolutionNode = FALSE
	EndGlobalSection
EndGlobal
